schema: '2.0'
stages:
  prepare:
    cmd: python src/prepare.py data/raw data/prepared
    deps:
    - path: data/raw
      hash: md5
      md5: 7309c36ff6f691cbb8aef917b39114ea.dir
      size: 8822930
      nfiles: 1605
    - path: src/prepare.py
      hash: md5
      md5: dd71f91ed5ea2ba2fcc9d9da39503661
      size: 2541
    - path: src/utils/seed.py
      hash: md5
      md5: 3a792a2e3aece6c04c2756bc133a5cd1
      size: 438
    params:
      params.yaml:
        prepare:
          seed: 77
          split: 0.2
          image_size:
          - 32
          - 32
          grayscale: true
    outs:
    - path: data/prepared
      hash: md5
      md5: 612e5a6de7bb6fc877a45d6905062162.dir
      size: 6618949
      nfiles: 8
  train:
    cmd: python src/train.py data/prepared model
    deps:
    - path: data/prepared
      hash: md5
      md5: 612e5a6de7bb6fc877a45d6905062162.dir
      size: 6618949
      nfiles: 8
    - path: src/train.py
      hash: md5
      md5: 32b1ae2562fe92ded5dd909a46cb24f1
      size: 3700
    - path: src/utils/seed.py
      hash: md5
      md5: 3a792a2e3aece6c04c2756bc133a5cd1
      size: 438
    params:
      params.yaml:
        train:
          seed: 77
          lr: 0.0001
          epochs: 5
          conv_size: 64
          dense_size: 128
          output_classes: 11
    outs:
    - path: model
      hash: md5
      md5: 34edb9c6a760759ee7cb679cfb8521fa.dir
      size: 9893816
      nfiles: 4
  evaluate:
    cmd: python src/evaluate.py model data/prepared
    deps:
    - path: model
      hash: md5
      md5: 34edb9c6a760759ee7cb679cfb8521fa.dir
      size: 9893816
      nfiles: 4
    - path: src/evaluate.py
      hash: md5
      md5: 253dffa3a3fb4cbc04705d59064505fd
      size: 5147
    outs:
    - path: evaluation/metrics.json
      hash: md5
      md5: b94711903248b8b7efd40000fc9bde6b
      size: 63
    - path: evaluation/plots/confusion_matrix.png
      hash: md5
      md5: 17d4d79eb9e83b66b43e992bd370f358
      size: 50738
    - path: evaluation/plots/pred_preview.png
      hash: md5
      md5: 0a6d6aca99597a8e17bfd79feff8723f
      size: 44063
    - path: evaluation/plots/training_history.png
      hash: md5
      md5: 40c9177f5e401fbb0a935558cb27e593
      size: 37350
