schema: '2.0'
stages:
  prepare:
    cmd: python src/prepare.py data/raw data/prepared
    deps:
    - path: data/raw
      hash: md5
      md5: 7309c36ff6f691cbb8aef917b39114ea.dir
      size: 8822930
      nfiles: 1605
    - path: src/prepare.py
      hash: md5
      md5: dd71f91ed5ea2ba2fcc9d9da39503661
      size: 2541
    - path: src/utils/seed.py
      hash: md5
      md5: 3a792a2e3aece6c04c2756bc133a5cd1
      size: 438
    params:
      params.yaml:
        prepare:
          seed: 77
          split: 0.2
          image_size:
          - 32
          - 32
          grayscale: true
    outs:
    - path: data/prepared
      hash: md5
      md5: 612e5a6de7bb6fc877a45d6905062162.dir
      size: 6618949
      nfiles: 8
  train:
    cmd: python src/train.py data/prepared model
    deps:
    - path: data/prepared
      hash: md5
      md5: 612e5a6de7bb6fc877a45d6905062162.dir
      size: 6618949
      nfiles: 8
    - path: src/train.py
      hash: md5
      md5: 32b1ae2562fe92ded5dd909a46cb24f1
      size: 3700
    - path: src/utils/seed.py
      hash: md5
      md5: 3a792a2e3aece6c04c2756bc133a5cd1
      size: 438
    params:
      params.yaml:
        train:
          seed: 77
          lr: 0.001
          epochs: 10
          conv_size: 64
          dense_size: 128
          output_classes: 11
    outs:
    - path: model
      hash: md5
      md5: 5eec10c45ebad58801205b4b69a7eaf9.dir
      size: 9894812
      nfiles: 4
  evaluate:
    cmd: python src/evaluate.py model data/prepared
    deps:
    - path: model
      hash: md5
      md5: 5eec10c45ebad58801205b4b69a7eaf9.dir
      size: 9894812
      nfiles: 4
    - path: src/evaluate.py
      hash: md5
      md5: 253dffa3a3fb4cbc04705d59064505fd
      size: 5147
    outs:
    - path: evaluation/metrics.json
      hash: md5
      md5: fbeec3062433a40923bbce95ab4be55d
      size: 62
    - path: evaluation/plots/confusion_matrix.png
      hash: md5
      md5: 080ab8b489c2e6fc660a0fbef4583fb8
      size: 45189
    - path: evaluation/plots/pred_preview.png
      hash: md5
      md5: 98a4f9efd28e099412e62ea4b3528aee
      size: 44130
    - path: evaluation/plots/training_history.png
      hash: md5
      md5: d73024fbd9ef4c4942f5d53acfab6463
      size: 38181
